
Microsoft Visual Studio Solution File, Format Version 12.00
# Visual Studio Version 16
VisualStudioVersion = 16.0.31321.278
MinimumVisualStudioVersion = 10.0.40219.1
Project("{9A19103F-16F7-4668-BE54-9A1E7A4F7556}") = "TDW.TDADesktop.Core", "TDW.TDADesktop.Core\TDW.TDADesktop.Core.csproj", "{77F377B7-DB35-4BCE-BE15-C0466BE5EBF1}"
EndProject
Project("{FAE04EC0-301F-11D3-BF4B-00C04F79EFBC}") = "TDW.TDACommon", "TDW.TDACommon\TDW.TDACommon.csproj", "{F394E66F-1A0D-43DC-A815-97A048F7A613}"
EndProject
Global
	GlobalSection(SolutionConfigurationPlatforms) = preSolution
		Debug|Any CPU = Debug|Any CPU
		Release|Any CPU = Release|Any CPU
	EndGlobalSection
	GlobalSection(ProjectConfigurationPlatforms) = postSolution
		{77F377B7-DB35-4BCE-BE15-C0466BE5EBF1}.Debug|Any CPU.ActiveCfg = Debug|Any CPU
		{77F377B7-DB35-4BCE-BE15-C0466BE5EBF1}.Debug|Any CPU.Build.0 = Debug|Any CPU
		{77F377B7-DB35-4BCE-BE15-C0466BE5EBF1}.Release|Any CPU.ActiveCfg = Release|Any CPU
		{77F377B7-DB35-4BCE-BE15-C0466BE5EBF1}.Release|Any CPU.Build.0 = Release|Any CPU
		{F394E66F-1A0D-43DC-A815-97A048F7A613}.Debug|Any CPU.ActiveCfg = Debug|Any CPU
		{F394E66F-1A0D-43DC-A815-97A048F7A613}.Debug|Any CPU.Build.0 = Debug|Any CPU
		{F394E66F-1A0D-43DC-A815-97A048F7A613}.Release|Any CPU.ActiveCfg = Release|Any CPU
		{F394E66F-1A0D-43DC-A815-97A048F7A613}.Release|Any CPU.Build.0 = Release|Any CPU
	EndGlobalSection
	GlobalSection(SolutionProperties) = preSolution
		HideSolutionNode = FALSE
	EndGlobalSection
	GlobalSection(ExtensibilityGlobals) = postSolution
		SolutionGuid = {0075CC8C-6B26-4032-A374-37334A895A6B}
	EndGlobalSection
EndGlobal
